
Microsoft Visual Studio Solution File, Format Version 12.00
# Visual Studio 15
VisualStudioVersion = 15.0.27130.2027
MinimumVisualStudioVersion = 10.0.40219.1
Project("{9A19103F-16F7-4668-BE54-9A1E7A4F7556}") = "Dapplo.CaliburnMicro", "Dapplo.CaliburnMicro\Dapplo.CaliburnMicro.csproj", "{971D2CE0-140C-40C1-BFF7-34FF74FC0B04}"
EndProject
Project("{9A19103F-16F7-4668-BE54-9A1E7A4F7556}") = "Dapplo.CaliburnMicro.NotifyIconWpf", "Dapplo.CaliburnMicro.NotifyIconWpf\Dapplo.CaliburnMicro.NotifyIconWpf.csproj", "{33FF7672-BB0D-4B91-8FE2-51DFB4B25C98}"
EndProject
Project("{9A19103F-16F7-4668-BE54-9A1E7A4F7556}") = "Dapplo.CaliburnMicro.Metro", "Dapplo.CaliburnMicro.Metro\Dapplo.CaliburnMicro.Metro.csproj", "{E6597C99-3721-42F3-87B6-219B9DFD9879}"
EndProject
Project("{9A19103F-16F7-4668-BE54-9A1E7A4F7556}") = "Dapplo.CaliburnMicro.Dapp", "Dapplo.CaliburnMicro.Dapp\Dapplo.CaliburnMicro.Dapp.csproj", "{D8C2622B-B621-4467-A3BA-1B744AF7E8D6}"
EndProject
Project("{9A19103F-16F7-4668-BE54-9A1E7A4F7556}") = "Dapplo.CaliburnMicro.Security", "Dapplo.CaliburnMicro.Security\Dapplo.CaliburnMicro.Security.csproj", "{B9850F45-5EFC-4CA0-B7CD-AAEB1FE6D5DF}"
EndProject
Project("{9A19103F-16F7-4668-BE54-9A1E7A4F7556}") = "Dapplo.CaliburnMicro.Wizard", "Dapplo.CaliburnMicro.Wizard\Dapplo.CaliburnMicro.Wizard.csproj", "{27EF0A14-789A-4B3C-AD54-B4C2F921AFBC}"
EndProject
Project("{9A19103F-16F7-4668-BE54-9A1E7A4F7556}") = "Dapplo.CaliburnMicro.Configuration", "Dapplo.CaliburnMicro.Configuration\Dapplo.CaliburnMicro.Configuration.csproj", "{C05C532B-D73F-4C9B-B8CF-E1C9966B219E}"
EndProject
Project("{9A19103F-16F7-4668-BE54-9A1E7A4F7556}") = "Dapplo.CaliburnMicro.Menu", "Dapplo.CaliburnMicro.Menu\Dapplo.CaliburnMicro.Menu.csproj", "{D5DC762F-1A6B-4296-AC60-952D5269CA25}"
EndProject
Project("{9A19103F-16F7-4668-BE54-9A1E7A4F7556}") = "Dapplo.CaliburnMicro.Translations", "Dapplo.CaliburnMicro.Translations\Dapplo.CaliburnMicro.Translations.csproj", "{0750F2C3-2C86-4CC7-A240-4A261033A2F0}"
EndProject
Project("{9A19103F-16F7-4668-BE54-9A1E7A4F7556}") = "Dapplo.CaliburnMicro.Security.ActiveDirectory", "Dapplo.CaliburnMicro.Security.ActiveDirectory\Dapplo.CaliburnMicro.Security.ActiveDirectory.csproj", "{294B4089-CF38-4F09-ADAC-C85C481C2EF1}"
EndProject
Project("{9A19103F-16F7-4668-BE54-9A1E7A4F7556}") = "Dapplo.Caliburn.Tests", "Dapplo.Caliburn.Tests\Dapplo.Caliburn.Tests.csproj", "{C62CC807-6929-4DDE-9B30-EA3483E46D41}"
EndProject
Project("{9A19103F-16F7-4668-BE54-9A1E7A4F7556}") = "Application.Demo.OverlayAddon", "Application.Demo.OverlayAddon\Application.Demo.OverlayAddon.csproj", "{8A499838-F55D-454C-B22C-831AF7506E81}"
EndProject
Project("{9A19103F-16F7-4668-BE54-9A1E7A4F7556}") = "Dapplo.CaliburnMicro.Overlays", "Dapplo.CaliburnMicro.Overlays\Dapplo.CaliburnMicro.Overlays.csproj", "{3AB2AD6A-ED68-4E4A-BEE6-7EED7B8A6176}"
EndProject
Project("{9A19103F-16F7-4668-BE54-9A1E7A4F7556}") = "Dapplo.CaliburnMicro.Diagnostics", "Dapplo.CaliburnMicro.Diagnostics\Dapplo.CaliburnMicro.Diagnostics.csproj", "{A1C54578-3EBB-48CA-BB9F-F5D2F8FC2714}"
EndProject
Project("{9A19103F-16F7-4668-BE54-9A1E7A4F7556}") = "Dapplo.CaliburnMicro.Cards", "Dapplo.CaliburnMicro.Cards\Dapplo.CaliburnMicro.Cards.csproj", "{767650A6-25A4-42EC-A029-80E73B544B5D}"
EndProject
Project("{9A19103F-16F7-4668-BE54-9A1E7A4F7556}") = "Dapplo.CaliburnMicro.Toasts", "Dapplo.CaliburnMicro.Toasts\Dapplo.CaliburnMicro.Toasts.csproj", "{77A4950A-7E56-4591-93F9-A39100916815}"
EndProject
Project("{9A19103F-16F7-4668-BE54-9A1E7A4F7556}") = "Application.Demo.Shared", "Application.Demo.Shared\Application.Demo.Shared.csproj", "{4DB45B8E-D655-42A3-8663-D86138EADD07}"
EndProject
Project("{9A19103F-16F7-4668-BE54-9A1E7A4F7556}") = "Application.Demo", "Application.Demo\Application.Demo.csproj", "{AD035FB9-C435-49D7-982A-5A8BFE8DCF84}"
	ProjectSection(ProjectDependencies) = postProject
		{8A499838-F55D-454C-B22C-831AF7506E81} = {8A499838-F55D-454C-B22C-831AF7506E81}
		{767650A6-25A4-42EC-A029-80E73B544B5D} = {767650A6-25A4-42EC-A029-80E73B544B5D}
		{BF0A40B2-D678-4226-828E-1CB2918E0FD0} = {BF0A40B2-D678-4226-828E-1CB2918E0FD0}
		{AE77A5C9-3DDC-4839-939E-CD3A7500FDC8} = {AE77A5C9-3DDC-4839-939E-CD3A7500FDC8}
	EndProjectSection
EndProject
Project("{9A19103F-16F7-4668-BE54-9A1E7A4F7556}") = "Application.Demo.Addon", "Application.Demo.Addon\Application.Demo.Addon.csproj", "{AE77A5C9-3DDC-4839-939E-CD3A7500FDC8}"
EndProject
Project("{9A19103F-16F7-4668-BE54-9A1E7A4F7556}") = "Application.Demo.MetroAddon", "Application.Demo.MetroAddon\Application.Demo.MetroAddon.csproj", "{BF0A40B2-D678-4226-828E-1CB2918E0FD0}"
EndProject
Global
	GlobalSection(SolutionConfigurationPlatforms) = preSolution
		Debug|Any CPU = Debug|Any CPU
		Release|Any CPU = Release|Any CPU
	EndGlobalSection
	GlobalSection(ProjectConfigurationPlatforms) = postSolution
		{971D2CE0-140C-40C1-BFF7-34FF74FC0B04}.Debug|Any CPU.ActiveCfg = Debug|Any CPU
		{971D2CE0-140C-40C1-BFF7-34FF74FC0B04}.Debug|Any CPU.Build.0 = Debug|Any CPU
		{971D2CE0-140C-40C1-BFF7-34FF74FC0B04}.Release|Any CPU.ActiveCfg = Release|Any CPU
		{971D2CE0-140C-40C1-BFF7-34FF74FC0B04}.Release|Any CPU.Build.0 = Release|Any CPU
		{33FF7672-BB0D-4B91-8FE2-51DFB4B25C98}.Debug|Any CPU.ActiveCfg = Debug|Any CPU
		{33FF7672-BB0D-4B91-8FE2-51DFB4B25C98}.Debug|Any CPU.Build.0 = Debug|Any CPU
		{33FF7672-BB0D-4B91-8FE2-51DFB4B25C98}.Release|Any CPU.ActiveCfg = Release|Any CPU
		{33FF7672-BB0D-4B91-8FE2-51DFB4B25C98}.Release|Any CPU.Build.0 = Release|Any CPU
		{E6597C99-3721-42F3-87B6-219B9DFD9879}.Debug|Any CPU.ActiveCfg = Debug|Any CPU
		{E6597C99-3721-42F3-87B6-219B9DFD9879}.Debug|Any CPU.Build.0 = Debug|Any CPU
		{E6597C99-3721-42F3-87B6-219B9DFD9879}.Release|Any CPU.ActiveCfg = Release|Any CPU
		{E6597C99-3721-42F3-87B6-219B9DFD9879}.Release|Any CPU.Build.0 = Release|Any CPU
		{D8C2622B-B621-4467-A3BA-1B744AF7E8D6}.Debug|Any CPU.ActiveCfg = Debug|Any CPU
		{D8C2622B-B621-4467-A3BA-1B744AF7E8D6}.Debug|Any CPU.Build.0 = Debug|Any CPU
		{D8C2622B-B621-4467-A3BA-1B744AF7E8D6}.Release|Any CPU.ActiveCfg = Release|Any CPU
		{D8C2622B-B621-4467-A3BA-1B744AF7E8D6}.Release|Any CPU.Build.0 = Release|Any CPU
		{B9850F45-5EFC-4CA0-B7CD-AAEB1FE6D5DF}.Debug|Any CPU.ActiveCfg = Debug|Any CPU
		{B9850F45-5EFC-4CA0-B7CD-AAEB1FE6D5DF}.Debug|Any CPU.Build.0 = Debug|Any CPU
		{B9850F45-5EFC-4CA0-B7CD-AAEB1FE6D5DF}.Release|Any CPU.ActiveCfg = Release|Any CPU
		{B9850F45-5EFC-4CA0-B7CD-AAEB1FE6D5DF}.Release|Any CPU.Build.0 = Release|Any CPU
		{27EF0A14-789A-4B3C-AD54-B4C2F921AFBC}.Debug|Any CPU.ActiveCfg = Debug|Any CPU
		{27EF0A14-789A-4B3C-AD54-B4C2F921AFBC}.Debug|Any CPU.Build.0 = Debug|Any CPU
		{27EF0A14-789A-4B3C-AD54-B4C2F921AFBC}.Release|Any CPU.ActiveCfg = Release|Any CPU
		{27EF0A14-789A-4B3C-AD54-B4C2F921AFBC}.Release|Any CPU.Build.0 = Release|Any CPU
		{C05C532B-D73F-4C9B-B8CF-E1C9966B219E}.Debug|Any CPU.ActiveCfg = Debug|Any CPU
		{C05C532B-D73F-4C9B-B8CF-E1C9966B219E}.Debug|Any CPU.Build.0 = Debug|Any CPU
		{C05C532B-D73F-4C9B-B8CF-E1C9966B219E}.Release|Any CPU.ActiveCfg = Release|Any CPU
		{C05C532B-D73F-4C9B-B8CF-E1C9966B219E}.Release|Any CPU.Build.0 = Release|Any CPU
		{D5DC762F-1A6B-4296-AC60-952D5269CA25}.Debug|Any CPU.ActiveCfg = Debug|Any CPU
		{D5DC762F-1A6B-4296-AC60-952D5269CA25}.Debug|Any CPU.Build.0 = Debug|Any CPU
		{D5DC762F-1A6B-4296-AC60-952D5269CA25}.Release|Any CPU.ActiveCfg = Release|Any CPU
		{D5DC762F-1A6B-4296-AC60-952D5269CA25}.Release|Any CPU.Build.0 = Release|Any CPU
		{0750F2C3-2C86-4CC7-A240-4A261033A2F0}.Debug|Any CPU.ActiveCfg = Debug|Any CPU
		{0750F2C3-2C86-4CC7-A240-4A261033A2F0}.Debug|Any CPU.Build.0 = Debug|Any CPU
		{0750F2C3-2C86-4CC7-A240-4A261033A2F0}.Release|Any CPU.ActiveCfg = Release|Any CPU
		{0750F2C3-2C86-4CC7-A240-4A261033A2F0}.Release|Any CPU.Build.0 = Release|Any CPU
		{294B4089-CF38-4F09-ADAC-C85C481C2EF1}.Debug|Any CPU.ActiveCfg = Debug|Any CPU
		{294B4089-CF38-4F09-ADAC-C85C481C2EF1}.Debug|Any CPU.Build.0 = Debug|Any CPU
		{294B4089-CF38-4F09-ADAC-C85C481C2EF1}.Release|Any CPU.ActiveCfg = Release|Any CPU
		{294B4089-CF38-4F09-ADAC-C85C481C2EF1}.Release|Any CPU.Build.0 = Release|Any CPU
		{C62CC807-6929-4DDE-9B30-EA3483E46D41}.Debug|Any CPU.ActiveCfg = Debug|Any CPU
		{C62CC807-6929-4DDE-9B30-EA3483E46D41}.Debug|Any CPU.Build.0 = Debug|Any CPU
		{C62CC807-6929-4DDE-9B30-EA3483E46D41}.Release|Any CPU.ActiveCfg = Release|Any CPU
		{C62CC807-6929-4DDE-9B30-EA3483E46D41}.Release|Any CPU.Build.0 = Release|Any CPU
		{8A499838-F55D-454C-B22C-831AF7506E81}.Debug|Any CPU.ActiveCfg = Debug|Any CPU
		{8A499838-F55D-454C-B22C-831AF7506E81}.Debug|Any CPU.Build.0 = Debug|Any CPU
		{8A499838-F55D-454C-B22C-831AF7506E81}.Release|Any CPU.ActiveCfg = Release|Any CPU
		{8A499838-F55D-454C-B22C-831AF7506E81}.Release|Any CPU.Build.0 = Release|Any CPU
		{3AB2AD6A-ED68-4E4A-BEE6-7EED7B8A6176}.Debug|Any CPU.ActiveCfg = Debug|Any CPU
		{3AB2AD6A-ED68-4E4A-BEE6-7EED7B8A6176}.Debug|Any CPU.Build.0 = Debug|Any CPU
		{3AB2AD6A-ED68-4E4A-BEE6-7EED7B8A6176}.Release|Any CPU.ActiveCfg = Release|Any CPU
		{3AB2AD6A-ED68-4E4A-BEE6-7EED7B8A6176}.Release|Any CPU.Build.0 = Release|Any CPU
		{A1C54578-3EBB-48CA-BB9F-F5D2F8FC2714}.Debug|Any CPU.ActiveCfg = Debug|Any CPU
		{A1C54578-3EBB-48CA-BB9F-F5D2F8FC2714}.Debug|Any CPU.Build.0 = Debug|Any CPU
		{A1C54578-3EBB-48CA-BB9F-F5D2F8FC2714}.Release|Any CPU.ActiveCfg = Release|Any CPU
		{A1C54578-3EBB-48CA-BB9F-F5D2F8FC2714}.Release|Any CPU.Build.0 = Release|Any CPU
		{767650A6-25A4-42EC-A029-80E73B544B5D}.Debug|Any CPU.ActiveCfg = Debug|Any CPU
		{767650A6-25A4-42EC-A029-80E73B544B5D}.Debug|Any CPU.Build.0 = Debug|Any CPU
		{767650A6-25A4-42EC-A029-80E73B544B5D}.Release|Any CPU.ActiveCfg = Release|Any CPU
		{767650A6-25A4-42EC-A029-80E73B544B5D}.Release|Any CPU.Build.0 = Release|Any CPU
		{77A4950A-7E56-4591-93F9-A39100916815}.Debug|Any CPU.ActiveCfg = Debug|Any CPU
		{77A4950A-7E56-4591-93F9-A39100916815}.Debug|Any CPU.Build.0 = Debug|Any CPU
		{77A4950A-7E56-4591-93F9-A39100916815}.Release|Any CPU.ActiveCfg = Release|Any CPU
		{77A4950A-7E56-4591-93F9-A39100916815}.Release|Any CPU.Build.0 = Release|Any CPU
		{4DB45B8E-D655-42A3-8663-D86138EADD07}.Debug|Any CPU.ActiveCfg = Debug|Any CPU
		{4DB45B8E-D655-42A3-8663-D86138EADD07}.Debug|Any CPU.Build.0 = Debug|Any CPU
		{4DB45B8E-D655-42A3-8663-D86138EADD07}.Release|Any CPU.ActiveCfg = Release|Any CPU
		{4DB45B8E-D655-42A3-8663-D86138EADD07}.Release|Any CPU.Build.0 = Release|Any CPU
		{AD035FB9-C435-49D7-982A-5A8BFE8DCF84}.Debug|Any CPU.ActiveCfg = Debug|Any CPU
		{AD035FB9-C435-49D7-982A-5A8BFE8DCF84}.Debug|Any CPU.Build.0 = Debug|Any CPU
		{AD035FB9-C435-49D7-982A-5A8BFE8DCF84}.Release|Any CPU.ActiveCfg = Release|Any CPU
		{AD035FB9-C435-49D7-982A-5A8BFE8DCF84}.Release|Any CPU.Build.0 = Release|Any CPU
		{AE77A5C9-3DDC-4839-939E-CD3A7500FDC8}.Debug|Any CPU.ActiveCfg = Debug|Any CPU
		{AE77A5C9-3DDC-4839-939E-CD3A7500FDC8}.Debug|Any CPU.Build.0 = Debug|Any CPU
		{AE77A5C9-3DDC-4839-939E-CD3A7500FDC8}.Release|Any CPU.ActiveCfg = Release|Any CPU
		{AE77A5C9-3DDC-4839-939E-CD3A7500FDC8}.Release|Any CPU.Build.0 = Release|Any CPU
		{BF0A40B2-D678-4226-828E-1CB2918E0FD0}.Debug|Any CPU.ActiveCfg = Debug|Any CPU
		{BF0A40B2-D678-4226-828E-1CB2918E0FD0}.Debug|Any CPU.Build.0 = Debug|Any CPU
		{BF0A40B2-D678-4226-828E-1CB2918E0FD0}.Release|Any CPU.ActiveCfg = Release|Any CPU
		{BF0A40B2-D678-4226-828E-1CB2918E0FD0}.Release|Any CPU.Build.0 = Release|Any CPU
	EndGlobalSection
	GlobalSection(SolutionProperties) = preSolution
		HideSolutionNode = FALSE
	EndGlobalSection
	GlobalSection(ExtensibilityGlobals) = postSolution
		SolutionGuid = {6E0E6358-7EE8-47BC-9DEC-DA4547440C79}
	EndGlobalSection
EndGlobal
